// !$*UTF8*$!
{
	archiveVersion = 1;
	classes = {
	};
	objectVersion = 53;
	objects = {

/* Begin PBXBuildFile section */
		4D2611B029E1EEA800BA4328 /* Constants.swift in Sources */ = {isa = PBXBuildFile; fileRef = 4D2611AF29E1EEA800BA4328 /* Constants.swift */; };
		4D2611B229E1EF4500BA4328 /* ContactModel.swift in Sources */ = {isa = PBXBuildFile; fileRef = 4D2611B129E1EF4500BA4328 /* ContactModel.swift */; };
		61DABEF8261A1FC8001B112D /* AppDelegate.swift in Sources */ = {isa = PBXBuildFile; fileRef = 61DABEF7261A1FC8001B112D /* AppDelegate.swift */; };
		61DABEFA261A1FC8001B112D /* SceneDelegate.swift in Sources */ = {isa = PBXBuildFile; fileRef = 61DABEF9261A1FC8001B112D /* SceneDelegate.swift */; };
		61DABEFC261A1FC8001B112D /* ParsedTableViewController.swift in Sources */ = {isa = PBXBuildFile; fileRef = 61DABEFB261A1FC8001B112D /* ParsedTableViewController.swift */; };
		61DABEFF261A1FC8001B112D /* Main.storyboard in Resources */ = {isa = PBXBuildFile; fileRef = 61DABEFD261A1FC8001B112D /* Main.storyboard */; };
		61DABF01261A1FC8001B112D /* Assets.xcassets in Resources */ = {isa = PBXBuildFile; fileRef = 61DABF00261A1FC8001B112D /* Assets.xcassets */; };
		61DABF04261A1FC8001B112D /* LaunchScreen.storyboard in Resources */ = {isa = PBXBuildFile; fileRef = 61DABF02261A1FC8001B112D /* LaunchScreen.storyboard */; };
		61DABF0E261A2210001B112D /* DetailViewController.swift in Sources */ = {isa = PBXBuildFile; fileRef = 61DABF0D261A2210001B112D /* DetailViewController.swift */; };
		FFA1B328CCAE556816AF76EA /* Pods_ContactsSwiftyJSON_start.framework in Frameworks */ = {isa = PBXBuildFile; fileRef = 261111A0A2F2277EB9227540 /* Pods_ContactsSwiftyJSON_start.framework */; };
/* End PBXBuildFile section */

/* Begin PBXFileReference section */
		261111A0A2F2277EB9227540 /* Pods_ContactsSwiftyJSON_start.framework */ = {isa = PBXFileReference; explicitFileType = wrapper.framework; includeInIndex = 0; path = Pods_ContactsSwiftyJSON_start.framework; sourceTree = BUILT_PRODUCTS_DIR; };
		4D2611AF29E1EEA800BA4328 /* Constants.swift */ = {isa = PBXFileReference; lastKnownFileType = sourcecode.swift; path = Constants.swift; sourceTree = "<group>"; };
		4D2611B129E1EF4500BA4328 /* ContactModel.swift */ = {isa = PBXFileReference; lastKnownFileType = sourcecode.swift; path = ContactModel.swift; sourceTree = "<group>"; };
		61DABEF4261A1FC8001B112D /* ContactsSwiftyJSON-start.app */ = {isa = PBXFileReference; explicitFileType = wrapper.application; includeInIndex = 0; path = "ContactsSwiftyJSON-start.app"; sourceTree = BUILT_PRODUCTS_DIR; };
		61DABEF7261A1FC8001B112D /* AppDelegate.swift */ = {isa = PBXFileReference; lastKnownFileType = sourcecode.swift; path = AppDelegate.swift; sourceTree = "<group>"; };
		61DABEF9261A1FC8001B112D /* SceneDelegate.swift */ = {isa = PBXFileReference; lastKnownFileType = sourcecode.swift; path = SceneDelegate.swift; sourceTree = "<group>"; };
		61DABEFB261A1FC8001B112D /* ParsedTableViewController.swift */ = {isa = PBXFileReference; lastKnownFileType = sourcecode.swift; path = ParsedTableViewController.swift; sourceTree = "<group>"; };
		61DABEFE261A1FC8001B112D /* Base */ = {isa = PBXFileReference; lastKnownFileType = file.storyboard; name = Base; path = Base.lproj/Main.storyboard; sourceTree = "<group>"; };
		61DABF00261A1FC8001B112D /* Assets.xcassets */ = {isa = PBXFileReference; lastKnownFileType = folder.assetcatalog; path = Assets.xcassets; sourceTree = "<group>"; };
		61DABF03261A1FC8001B112D /* Base */ = {isa = PBXFileReference; lastKnownFileType = file.storyboard; name = Base; path = Base.lproj/LaunchScreen.storyboard; sourceTree = "<group>"; };
		61DABF05261A1FC8001B112D /* Info.plist */ = {isa = PBXFileReference; lastKnownFileType = text.plist.xml; path = Info.plist; sourceTree = "<group>"; };
		61DABF0D261A2210001B112D /* DetailViewController.swift */ = {isa = PBXFileReference; lastKnownFileType = sourcecode.swift; path = DetailViewController.swift; sourceTree = "<group>"; };
		85E8008AC22BD91E266BD81F /* Pods-ContactsSwiftyJSON-start.release.xcconfig */ = {isa = PBXFileReference; includeInIndex = 1; lastKnownFileType = text.xcconfig; name = "Pods-ContactsSwiftyJSON-start.release.xcconfig"; path = "Target Support Files/Pods-ContactsSwiftyJSON-start/Pods-ContactsSwiftyJSON-start.release.xcconfig"; sourceTree = "<group>"; };
		94A1BFF573BBFD2C3C1BE389 /* Pods-ContactsSwiftyJSON-start.debug.xcconfig */ = {isa = PBXFileReference; includeInIndex = 1; lastKnownFileType = text.xcconfig; name = "Pods-ContactsSwiftyJSON-start.debug.xcconfig"; path = "Target Support Files/Pods-ContactsSwiftyJSON-start/Pods-ContactsSwiftyJSON-start.debug.xcconfig"; sourceTree = "<group>"; };
/* End PBXFileReference section */

/* Begin PBXFrameworksBuildPhase section */
		61DABEF1261A1FC8001B112D /* Frameworks */ = {
			isa = PBXFrameworksBuildPhase;
			buildActionMask = 2147483647;
			files = (
				FFA1B328CCAE556816AF76EA /* Pods_ContactsSwiftyJSON_start.framework in Frameworks */,
			);
			runOnlyForDeploymentPostprocessing = 0;
		};
/* End PBXFrameworksBuildPhase section */

/* Begin PBXGroup section */
		260ACC9D6A81549D85936D83 /* Frameworks */ = {
			isa = PBXGroup;
			children = (
				261111A0A2F2277EB9227540 /* Pods_ContactsSwiftyJSON_start.framework */,
			);
			name = Frameworks;
			sourceTree = "<group>";
		};
		371B832ECAF4DE6B94C42EAB /* Pods */ = {
			isa = PBXGroup;
			children = (
				94A1BFF573BBFD2C3C1BE389 /* Pods-ContactsSwiftyJSON-start.debug.xcconfig */,
				85E8008AC22BD91E266BD81F /* Pods-ContactsSwiftyJSON-start.release.xcconfig */,
			);
			path = Pods;
			sourceTree = "<group>";
		};
		61DABEEB261A1FC7001B112D = {
			isa = PBXGroup;
			children = (
				61DABEF6261A1FC8001B112D /* ContactsSwiftyJSON-start */,
				61DABEF5261A1FC8001B112D /* Products */,
				371B832ECAF4DE6B94C42EAB /* Pods */,
				260ACC9D6A81549D85936D83 /* Frameworks */,
			);
			sourceTree = "<group>";
		};
		61DABEF5261A1FC8001B112D /* Products */ = {
			isa = PBXGroup;
			children = (
				61DABEF4261A1FC8001B112D /* ContactsSwiftyJSON-start.app */,
			);
			name = Products;
			sourceTree = "<group>";
		};
		61DABEF6261A1FC8001B112D /* ContactsSwiftyJSON-start */ = {
			isa = PBXGroup;
			children = (
				61DABEF7261A1FC8001B112D /* AppDelegate.swift */,
				61DABEF9261A1FC8001B112D /* SceneDelegate.swift */,
				61DABEFB261A1FC8001B112D /* ParsedTableViewController.swift */,
				61DABF0D261A2210001B112D /* DetailViewController.swift */,
				4D2611AF29E1EEA800BA4328 /* Constants.swift */,
				4D2611B129E1EF4500BA4328 /* ContactModel.swift */,
				61DABEFD261A1FC8001B112D /* Main.storyboard */,
				61DABF00261A1FC8001B112D /* Assets.xcassets */,
				61DABF02261A1FC8001B112D /* LaunchScreen.storyboard */,
				61DABF05261A1FC8001B112D /* Info.plist */,
			);
			path = "ContactsSwiftyJSON-start";
			sourceTree = "<group>";
		};
/* End PBXGroup section */

/* Begin PBXNativeTarget section */
		61DABEF3261A1FC8001B112D /* ContactsSwiftyJSON-start */ = {
			isa = PBXNativeTarget;
			buildConfigurationList = 61DABF08261A1FC8001B112D /* Build configuration list for PBXNativeTarget "ContactsSwiftyJSON-start" */;
			buildPhases = (
				389B960CC83324B15B740A65 /* [CP] Check Pods Manifest.lock */,
				61DABEF0261A1FC8001B112D /* Sources */,
				61DABEF1261A1FC8001B112D /* Frameworks */,
				61DABEF2261A1FC8001B112D /* Resources */,
				977882E9C8FE3EB21BFA6BFE /* [CP] Embed Pods Frameworks */,
			);
			buildRules = (
			);
			dependencies = (
			);
			name = "ContactsSwiftyJSON-start";
			productName = "ContactsSwiftyJSON-start";
			productReference = 61DABEF4261A1FC8001B112D /* ContactsSwiftyJSON-start.app */;
			productType = "com.apple.product-type.application";
		};
/* End PBXNativeTarget section */

/* Begin PBXProject section */
		61DABEEC261A1FC7001B112D /* Project object */ = {
			isa = PBXProject;
			attributes = {
				BuildIndependentTargetsInParallel = YES;
				LastSwiftUpdateCheck = 1240;
				LastUpgradeCheck = 1430;
				TargetAttributes = {
					61DABEF3261A1FC8001B112D = {
						CreatedOnToolsVersion = 12.4;
					};
				};
			};
			buildConfigurationList = 61DABEEF261A1FC7001B112D /* Build configuration list for PBXProject "ContactsSwiftyJSON-start" */;
			compatibilityVersion = "Xcode 9.3";
			developmentRegion = en;
			hasScannedForEncodings = 0;
			knownRegions = (
				en,
				Base,
			);
			mainGroup = 61DABEEB261A1FC7001B112D;
			productRefGroup = 61DABEF5261A1FC8001B112D /* Products */;
			projectDirPath = "";
			projectRoot = "";
			targets = (
				61DABEF3261A1FC8001B112D /* ContactsSwiftyJSON-start */,
			);
		};
/* End PBXProject section */

/* Begin PBXResourcesBuildPhase section */
		61DABEF2261A1FC8001B112D /* Resources */ = {
			isa = PBXResourcesBuildPhase;
			buildActionMask = 2147483647;
			files = (
				61DABF04261A1FC8001B112D /* LaunchScreen.storyboard in Resources */,
				61DABF01261A1FC8001B112D /* Assets.xcassets in Resources */,
				61DABEFF261A1FC8001B112D /* Main.storyboard in Resources */,
			);
			runOnlyForDeploymentPostprocessing = 0;
		};
/* End PBXResourcesBuildPhase section */

/* Begin PBXShellScriptBuildPhase section */
		389B960CC83324B15B740A65 /* [CP] Check Pods Manifest.lock */ = {
			isa = PBXShellScriptBuildPhase;
			buildActionMask = 2147483647;
			files = (
			);
			inputFileListPaths = (
			);
			inputPaths = (
				"${PODS_PODFILE_DIR_PATH}/Podfile.lock",
				"${PODS_ROOT}/Manifest.lock",
			);
			name = "[CP] Check Pods Manifest.lock";
			outputFileListPaths = (
			);
			outputPaths = (
				"$(DERIVED_FILE_DIR)/Pods-ContactsSwiftyJSON-start-checkManifestLockResult.txt",
			);
			runOnlyForDeploymentPostprocessing = 0;
			shellPath = /bin/sh;
			shellScript = "diff \"${PODS_PODFILE_DIR_PATH}/Podfile.lock\" \"${PODS_ROOT}/Manifest.lock\" > /dev/null\nif [ $? != 0 ] ; then\n    # print error to STDERR\n    echo \"error: The sandbox is not in sync with the Podfile.lock. Run 'pod install' or update your CocoaPods installation.\" >&2\n    exit 1\nfi\n# This output is used by Xcode 'outputs' to avoid re-running this script phase.\necho \"SUCCESS\" > \"${SCRIPT_OUTPUT_FILE_0}\"\n";
			showEnvVarsInLog = 0;
		};
		977882E9C8FE3EB21BFA6BFE /* [CP] Embed Pods Frameworks */ = {
			isa = PBXShellScriptBuildPhase;
			buildActionMask = 2147483647;
			files = (
			);
			inputFileListPaths = (
				"${PODS_ROOT}/Target Support Files/Pods-ContactsSwiftyJSON-start/Pods-ContactsSwiftyJSON-start-frameworks-${CONFIGURATION}-input-files.xcfilelist",
			);
			name = "[CP] Embed Pods Frameworks";
			outputFileListPaths = (
				"${PODS_ROOT}/Target Support Files/Pods-ContactsSwiftyJSON-start/Pods-ContactsSwiftyJSON-start-frameworks-${CONFIGURATION}-output-files.xcfilelist",
			);
			runOnlyForDeploymentPostprocessing = 0;
			shellPath = /bin/sh;
			shellScript = "\"${PODS_ROOT}/Target Support Files/Pods-ContactsSwiftyJSON-start/Pods-ContactsSwiftyJSON-start-frameworks.sh\"\n";
			showEnvVarsInLog = 0;
		};
/* End PBXShellScriptBuildPhase section */

/* Begin PBXSourcesBuildPhase section */
		61DABEF0261A1FC8001B112D /* Sources */ = {
			isa = PBXSourcesBuildPhase;
			buildActionMask = 2147483647;
			files = (
				61DABEFC261A1FC8001B112D /* ParsedTableViewController.swift in Sources */,
				61DABEF8261A1FC8001B112D /* AppDelegate.swift in Sources */,
				4D2611B229E1EF4500BA4328 /* ContactModel.swift in Sources */,
				61DABEFA261A1FC8001B112D /* SceneDelegate.swift in Sources */,
				61DABF0E261A2210001B112D /* DetailViewController.swift in Sources */,
				4D2611B029E1EEA800BA4328 /* Constants.swift in Sources */,
			);
			runOnlyForDeploymentPostprocessing = 0;
		};
/* End PBXSourcesBuildPhase section */

/* Begin PBXVariantGroup section */
		61DABEFD261A1FC8001B112D /* Main.storyboard */ = {
			isa = PBXVariantGroup;
			children = (
				61DABEFE261A1FC8001B112D /* Base */,
			);
			name = Main.storyboard;
			sourceTree = "<group>";
		};
		61DABF02261A1FC8001B112D /* LaunchScreen.storyboard */ = {
			isa = PBXVariantGroup;
			children = (
				61DABF03261A1FC8001B112D /* Base */,
			);
			name = LaunchScreen.storyboard;
			sourceTree = "<group>";
		};
/* End PBXVariantGroup section */

/* Begin XCBuildConfiguration section */
		61DABF06261A1FC8001B112D /* Debug */ = {
			isa = XCBuildConfiguration;
			buildSettings = {
				ALWAYS_SEARCH_USER_PATHS = NO;
				CLANG_ANALYZER_NONNULL = YES;
				CLANG_ANALYZER_NUMBER_OBJECT_CONVERSION = YES_AGGRESSIVE;
				CLANG_CXX_LANGUAGE_STANDARD = "gnu++14";
				CLANG_CXX_LIBRARY = "libc++";
				CLANG_ENABLE_MODULES = YES;
				CLANG_ENABLE_OBJC_ARC = YES;
				CLANG_ENABLE_OBJC_WEAK = YES;
				CLANG_WARN_BLOCK_CAPTURE_AUTORELEASING = YES;
				CLANG_WARN_BOOL_CONVERSION = YES;
				CLANG_WARN_COMMA = YES;
				CLANG_WARN_CONSTANT_CONVERSION = YES;
				CLANG_WARN_DEPRECATED_OBJC_IMPLEMENTATIONS = YES;
				CLANG_WARN_DIRECT_OBJC_ISA_USAGE = YES_ERROR;
				CLANG_WARN_DOCUMENTATION_COMMENTS = YES;
				CLANG_WARN_EMPTY_BODY = YES;
				CLANG_WARN_ENUM_CONVERSION = YES;
				CLANG_WARN_INFINITE_RECURSION = YES;
				CLANG_WARN_INT_CONVERSION = YES;
				CLANG_WARN_NON_LITERAL_NULL_CONVERSION = YES;
				CLANG_WARN_OBJC_IMPLICIT_RETAIN_SELF = YES;
				CLANG_WARN_OBJC_LITERAL_CONVERSION = YES;
				CLANG_WARN_OBJC_ROOT_CLASS = YES_ERROR;
				CLANG_WARN_QUOTED_INCLUDE_IN_FRAMEWORK_HEADER = YES;
				CLANG_WARN_RANGE_LOOP_ANALYSIS = YES;
				CLANG_WARN_STRICT_PROTOTYPES = YES;
				CLANG_WARN_SUSPICIOUS_MOVE = YES;
				CLANG_WARN_UNGUARDED_AVAILABILITY = YES_AGGRESSIVE;
				CLANG_WARN_UNREACHABLE_CODE = YES;
				CLANG_WARN__DUPLICATE_METHOD_MATCH = YES;
				COPY_PHASE_STRIP = NO;
				DEBUG_INFORMATION_FORMAT = dwarf;
				ENABLE_STRICT_OBJC_MSGSEND = YES;
				ENABLE_TESTABILITY = YES;
				GCC_C_LANGUAGE_STANDARD = gnu11;
				GCC_DYNAMIC_NO_PIC = NO;
				GCC_NO_COMMON_BLOCKS = YES;
				GCC_OPTIMIZATION_LEVEL = 0;
				GCC_PREPROCESSOR_DEFINITIONS = (
					"DEBUG=1",
					"$(inherited)",
				);
				GCC_WARN_64_TO_32_BIT_CONVERSION = YES;
				GCC_WARN_ABOUT_RETURN_TYPE = YES_ERROR;
				GCC_WARN_UNDECLARED_SELECTOR = YES;
				GCC_WARN_UNINITIALIZED_AUTOS = YES_AGGRESSIVE;
				GCC_WARN_UNUSED_FUNCTION = YES;
				GCC_WARN_UNUSED_VARIABLE = YES;
				IPHONEOS_DEPLOYMENT_TARGET = 14.4;
				MTL_ENABLE_DEBUG_INFO = INCLUDE_SOURCE;
				MTL_FAST_MATH = YES;
				ONLY_ACTIVE_ARCH = YES;
				SDKROOT = iphoneos;
				SWIFT_ACTIVE_COMPILATION_CONDITIONS = DEBUG;
				SWIFT_OPTIMIZATION_LEVEL = "-Onone";
			};
			name = Debug;
		};
		61DABF07261A1FC8001B112D /* Release */ = {
			isa = XCBuildConfiguration;
			buildSettings = {
				ALWAYS_SEARCH_USER_PATHS = NO;
				CLANG_ANALYZER_NONNULL = YES;
				CLANG_ANALYZER_NUMBER_OBJECT_CONVERSION = YES_AGGRESSIVE;
				CLANG_CXX_LANGUAGE_STANDARD = "gnu++14";
				CLANG_CXX_LIBRARY = "libc++";
				CLANG_ENABLE_MODULES = YES;
				CLANG_ENABLE_OBJC_ARC = YES;
				CLANG_ENABLE_OBJC_WEAK = YES;
				CLANG_WARN_BLOCK_CAPTURE_AUTORELEASING = YES;
				CLANG_WARN_BOOL_CONVERSION = YES;
				CLANG_WARN_COMMA = YES;
				CLANG_WARN_CONSTANT_CONVERSION = YES;
				CLANG_WARN_DEPRECATED_OBJC_IMPLEMENTATIONS = YES;
				CLANG_WARN_DIRECT_OBJC_ISA_USAGE = YES_ERROR;
				CLANG_WARN_DOCUMENTATION_COMMENTS = YES;
				CLANG_WARN_EMPTY_BODY = YES;
				CLANG_WARN_ENUM_CONVERSION = YES;
				CLANG_WARN_INFINITE_RECURSION = YES;
				CLANG_WARN_INT_CONVERSION = YES;
				CLANG_WARN_NON_LITERAL_NULL_CONVERSION = YES;
				CLANG_WARN_OBJC_IMPLICIT_RETAIN_SELF = YES;
				CLANG_WARN_OBJC_LITERAL_CONVERSION = YES;
				CLANG_WARN_OBJC_ROOT_CLASS = YES_ERROR;
				CLANG_WARN_QUOTED_INCLUDE_IN_FRAMEWORK_HEADER = YES;
				CLANG_WARN_RANGE_LOOP_ANALYSIS = YES;
				CLANG_WARN_STRICT_PROTOTYPES = YES;
				CLANG_WARN_SUSPICIOUS_MOVE = YES;
				CLANG_WARN_UNGUARDED_AVAILABILITY = YES_AGGRESSIVE;
				CLANG_WARN_UNREACHABLE_CODE = YES;
				CLANG_WARN__DUPLICATE_METHOD_MATCH = YES;
				COPY_PHASE_STRIP = NO;
				DEBUG_INFORMATION_FORMAT = "dwarf-with-dsym";
				ENABLE_NS_ASSERTIONS = NO;
				ENABLE_STRICT_OBJC_MSGSEND = YES;
				GCC_C_LANGUAGE_STANDARD = gnu11;
				GCC_NO_COMMON_BLOCKS = YES;
				GCC_WARN_64_TO_32_BIT_CONVERSION = YES;
				GCC_WARN_ABOUT_RETURN_TYPE = YES_ERROR;
				GCC_WARN_UNDECLARED_SELECTOR = YES;
				GCC_WARN_UNINITIALIZED_AUTOS = YES_AGGRESSIVE;
				GCC_WARN_UNUSED_FUNCTION = YES;
				GCC_WARN_UNUSED_VARIABLE = YES;
				IPHONEOS_DEPLOYMENT_TARGET = 14.4;
				MTL_ENABLE_DEBUG_INFO = NO;
				MTL_FAST_MATH = YES;
				SDKROOT = iphoneos;
				SWIFT_COMPILATION_MODE = wholemodule;
				SWIFT_OPTIMIZATION_LEVEL = "-O";
				VALIDATE_PRODUCT = YES;
			};
			name = Release;
		};
		61DABF09261A1FC8001B112D /* Debug */ = {
			isa = XCBuildConfiguration;
			baseConfigurationReference = 94A1BFF573BBFD2C3C1BE389 /* Pods-ContactsSwiftyJSON-start.debug.xcconfig */;
			buildSettings = {
				ASSETCATALOG_COMPILER_APPICON_NAME = AppIcon;
				ASSETCATALOG_COMPILER_GLOBAL_ACCENT_COLOR_NAME = AccentColor;
				CODE_SIGN_STYLE = Automatic;
				DEVELOPMENT_TEAM = J78RUV443X;
				INFOPLIST_FILE = "ContactsSwiftyJSON-start/Info.plist";
				LD_RUNPATH_SEARCH_PATHS = (
					"$(inherited)",
					"@executable_path/Frameworks",
				);
				PRODUCT_BUNDLE_IDENTIFIER = "myID.ContactsSwiftyJSON-start";
				PRODUCT_NAME = "$(TARGET_NAME)";
				SWIFT_VERSION = 5.0;
				TARGETED_DEVICE_FAMILY = "1,2";
			};
			name = Debug;
		};
		61DABF0A261A1FC8001B112D /* Release */ = {
			isa = XCBuildConfiguration;
			baseConfigurationReference = 85E8008AC22BD91E266BD81F /* Pods-ContactsSwiftyJSON-start.release.xcconfig */;
			buildSettings = {
				ASSETCATALOG_COMPILER_APPICON_NAME = AppIcon;
				ASSETCATALOG_COMPILER_GLOBAL_ACCENT_COLOR_NAME = AccentColor;
				CODE_SIGN_STYLE = Automatic;
				DEVELOPMENT_TEAM = J78RUV443X;
				INFOPLIST_FILE = "ContactsSwiftyJSON-start/Info.plist";
				LD_RUNPATH_SEARCH_PATHS = (
					"$(inherited)",
					"@executable_path/Frameworks",
				);
				PRODUCT_BUNDLE_IDENTIFIER = "myID.ContactsSwiftyJSON-start";
				PRODUCT_NAME = "$(TARGET_NAME)";
				SWIFT_VERSION = 5.0;
				TARGETED_DEVICE_FAMILY = "1,2";
			};
			name = Release;
		};
/* End XCBuildConfiguration section */

/* Begin XCConfigurationList section */
		61DABEEF261A1FC7001B112D /* Build configuration list for PBXProject "ContactsSwiftyJSON-start" */ = {
			isa = XCConfigurationList;
			buildConfigurations = (
				61DABF06261A1FC8001B112D /* Debug */,
				61DABF07261A1FC8001B112D /* Release */,
			);
			defaultConfigurationIsVisible = 0;
			defaultConfigurationName = Release;
		};
		61DABF08261A1FC8001B112D /* Build configuration list for PBXNativeTarget "ContactsSwiftyJSON-start" */ = {
			isa = XCConfigurationList;
			buildConfigurations = (
				61DABF09261A1FC8001B112D /* Debug */,
				61DABF0A261A1FC8001B112D /* Release */,
			);
			defaultConfigurationIsVisible = 0;
			defaultConfigurationName = Release;
		};
/* End XCConfigurationList section */
	};
	rootObject = 61DABEEC261A1FC7001B112D /* Project object */;
}
